
Microsoft Visual Studio Solution File, Format Version 12.00
Project("{FAE04EC0-301F-11D3-BF4B-00C04F79EFBC}") = "FilesLlama.Ingestion", "FilesLlama.Ingestion\FilesLlama.Ingestion.csproj", "{7737CD6B-723C-4153-B6E9-B1A321F5C63A}"
EndProject
Project("{FAE04EC0-301F-11D3-BF4B-00C04F79EFBC}") = "FilesLlama.CLI", "FilesLlama.CLI\FilesLlama.CLI.csproj", "{AD2CC4C8-8C24-4073-8137-0DECE56922B0}"
EndProject
Global
	GlobalSection(SolutionConfigurationPlatforms) = preSolution
		Debug|Any CPU = Debug|Any CPU
		Release|Any CPU = Release|Any CPU
	EndGlobalSection
	GlobalSection(ProjectConfigurationPlatforms) = postSolution
		{7737CD6B-723C-4153-B6E9-B1A321F5C63A}.Debug|Any CPU.ActiveCfg = Debug|Any CPU
		{7737CD6B-723C-4153-B6E9-B1A321F5C63A}.Debug|Any CPU.Build.0 = Debug|Any CPU
		{7737CD6B-723C-4153-B6E9-B1A321F5C63A}.Release|Any CPU.ActiveCfg = Release|Any CPU
		{7737CD6B-723C-4153-B6E9-B1A321F5C63A}.Release|Any CPU.Build.0 = Release|Any CPU
		{AD2CC4C8-8C24-4073-8137-0DECE56922B0}.Debug|Any CPU.ActiveCfg = Debug|Any CPU
		{AD2CC4C8-8C24-4073-8137-0DECE56922B0}.Debug|Any CPU.Build.0 = Debug|Any CPU
		{AD2CC4C8-8C24-4073-8137-0DECE56922B0}.Release|Any CPU.ActiveCfg = Release|Any CPU
		{AD2CC4C8-8C24-4073-8137-0DECE56922B0}.Release|Any CPU.Build.0 = Release|Any CPU
	EndGlobalSection
EndGlobal
